
Microsoft Visual Studio Solution File, Format Version 12.00
# Visual Studio Version 17
VisualStudioVersion = 17.12.35521.163
MinimumVisualStudioVersion = 10.0.40219.1
Project("{FAE04EC0-301F-11D3-BF4B-00C04F79EFBC}") = "PlatformTechnologyOkayKana", "PlatformTechnologyOkayKana\PlatformTechnologyOkayKana.csproj", "{5AFAC614-C722-47A5-86DB-60C8D294930C}"
EndProject
Project("{FAE04EC0-301F-11D3-BF4B-00C04F79EFBC}") = "PlatformTech", "PlatformTech\PlatformTech.csproj", "{0C807095-5ADB-46AB-93EF-C4735E4E99F2}"
EndProject
Global
	GlobalSection(SolutionConfigurationPlatforms) = preSolution
		Debug|Any CPU = Debug|Any CPU
		Release|Any CPU = Release|Any CPU
	EndGlobalSection
	GlobalSection(ProjectConfigurationPlatforms) = postSolution
		{5AFAC614-C722-47A5-86DB-60C8D294930C}.Debug|Any CPU.ActiveCfg = Debug|Any CPU
		{5AFAC614-C722-47A5-86DB-60C8D294930C}.Debug|Any CPU.Build.0 = Debug|Any CPU
		{5AFAC614-C722-47A5-86DB-60C8D294930C}.Release|Any CPU.ActiveCfg = Release|Any CPU
		{5AFAC614-C722-47A5-86DB-60C8D294930C}.Release|Any CPU.Build.0 = Release|Any CPU
		{0C807095-5ADB-46AB-93EF-C4735E4E99F2}.Debug|Any CPU.ActiveCfg = Debug|Any CPU
		{0C807095-5ADB-46AB-93EF-C4735E4E99F2}.Debug|Any CPU.Build.0 = Debug|Any CPU
		{0C807095-5ADB-46AB-93EF-C4735E4E99F2}.Release|Any CPU.ActiveCfg = Release|Any CPU
		{0C807095-5ADB-46AB-93EF-C4735E4E99F2}.Release|Any CPU.Build.0 = Release|Any CPU
	EndGlobalSection
	GlobalSection(SolutionProperties) = preSolution
		HideSolutionNode = FALSE
	EndGlobalSection
EndGlobal
